
Microsoft Visual Studio Solution File, Format Version 12.00
# Visual Studio 15
VisualStudioVersion = 15.0.27703.2026
MinimumVisualStudioVersion = 10.0.40219.1
Project("{9A19103F-16F7-4668-BE54-9A1E7A4F7556}") = "ConfigurationB.Management", "ConfigurationB.Management\ConfigurationB.Management.csproj", "{D9E7DD61-9E9D-42E9-A9E5-3B00855760E2}"
EndProject
Project("{9A19103F-16F7-4668-BE54-9A1E7A4F7556}") = "ConfigurationB.ConsoleApp", "ConfigurationB.ConsoleApp\ConfigurationB.ConsoleApp.csproj", "{C66361A5-AFBE-4941-AF24-4ED752D2C426}"
EndProject
Project("{9A19103F-16F7-4668-BE54-9A1E7A4F7556}") = "ConfigurationB.MVC", "ConfigurationB.MVC\ConfigurationB.MVC.csproj", "{DF4F7C50-889D-42FD-AD25-D50A726FF8E6}"
EndProject
Project("{FAE04EC0-301F-11D3-BF4B-00C04F79EFBC}") = "ConfigurationB.Tests", "ConfigurationB.Tests\ConfigurationB.Tests.csproj", "{3D3B512E-C904-4588-B5C7-1512CEDA20AB}"
EndProject
Global
	GlobalSection(SolutionConfigurationPlatforms) = preSolution
		Debug|Any CPU = Debug|Any CPU
		Release|Any CPU = Release|Any CPU
	EndGlobalSection
	GlobalSection(ProjectConfigurationPlatforms) = postSolution
		{D9E7DD61-9E9D-42E9-A9E5-3B00855760E2}.Debug|Any CPU.ActiveCfg = Debug|Any CPU
		{D9E7DD61-9E9D-42E9-A9E5-3B00855760E2}.Debug|Any CPU.Build.0 = Debug|Any CPU
		{D9E7DD61-9E9D-42E9-A9E5-3B00855760E2}.Release|Any CPU.ActiveCfg = Release|Any CPU
		{D9E7DD61-9E9D-42E9-A9E5-3B00855760E2}.Release|Any CPU.Build.0 = Release|Any CPU
		{C66361A5-AFBE-4941-AF24-4ED752D2C426}.Debug|Any CPU.ActiveCfg = Debug|Any CPU
		{C66361A5-AFBE-4941-AF24-4ED752D2C426}.Debug|Any CPU.Build.0 = Debug|Any CPU
		{C66361A5-AFBE-4941-AF24-4ED752D2C426}.Release|Any CPU.ActiveCfg = Release|Any CPU
		{C66361A5-AFBE-4941-AF24-4ED752D2C426}.Release|Any CPU.Build.0 = Release|Any CPU
		{DF4F7C50-889D-42FD-AD25-D50A726FF8E6}.Debug|Any CPU.ActiveCfg = Debug|Any CPU
		{DF4F7C50-889D-42FD-AD25-D50A726FF8E6}.Debug|Any CPU.Build.0 = Debug|Any CPU
		{DF4F7C50-889D-42FD-AD25-D50A726FF8E6}.Release|Any CPU.ActiveCfg = Release|Any CPU
		{DF4F7C50-889D-42FD-AD25-D50A726FF8E6}.Release|Any CPU.Build.0 = Release|Any CPU
		{3D3B512E-C904-4588-B5C7-1512CEDA20AB}.Debug|Any CPU.ActiveCfg = Debug|Any CPU
		{3D3B512E-C904-4588-B5C7-1512CEDA20AB}.Debug|Any CPU.Build.0 = Debug|Any CPU
		{3D3B512E-C904-4588-B5C7-1512CEDA20AB}.Release|Any CPU.ActiveCfg = Release|Any CPU
		{3D3B512E-C904-4588-B5C7-1512CEDA20AB}.Release|Any CPU.Build.0 = Release|Any CPU
	EndGlobalSection
	GlobalSection(SolutionProperties) = preSolution
		HideSolutionNode = FALSE
	EndGlobalSection
	GlobalSection(ExtensibilityGlobals) = postSolution
		SolutionGuid = {15E209DB-E2F2-43C3-802A-24321F392484}
	EndGlobalSection
EndGlobal
